
Microsoft Visual Studio Solution File, Format Version 12.00
# Visual Studio Version 17
VisualStudioVersion = 17.10.34928.147
MinimumVisualStudioVersion = 10.0.40219.1
Project("{9A19103F-16F7-4668-BE54-9A1E7A4F7556}") = "WineWarehouseManagementSystem", "WineWarehouseManagementSystem\WineWarehouseManagementSystem.csproj", "{CFB07143-26B8-4424-89CB-118F474A83D3}"
EndProject
Project("{9A19103F-16F7-4668-BE54-9A1E7A4F7556}") = "DataAccessLayer", "DataAccessLayer\DataAccessLayer.csproj", "{F1323FD4-06A4-4C25-AACF-E0EF910DB3BD}"
EndProject
Project("{9A19103F-16F7-4668-BE54-9A1E7A4F7556}") = "BusinessObject", "BusinessObject\BusinessObject.csproj", "{BD958825-FE0D-4C04-9055-F99DB17F19DE}"
EndProject
Project("{FAE04EC0-301F-11D3-BF4B-00C04F79EFBC}") = "Repositories", "Repositories\Repositories.csproj", "{6BFF506B-64A7-4881-8E2C-9AA76551A752}"
EndProject
Global
	GlobalSection(SolutionConfigurationPlatforms) = preSolution
		Debug|Any CPU = Debug|Any CPU
		Release|Any CPU = Release|Any CPU
	EndGlobalSection
	GlobalSection(ProjectConfigurationPlatforms) = postSolution
		{CFB07143-26B8-4424-89CB-118F474A83D3}.Debug|Any CPU.ActiveCfg = Debug|Any CPU
		{CFB07143-26B8-4424-89CB-118F474A83D3}.Debug|Any CPU.Build.0 = Debug|Any CPU
		{CFB07143-26B8-4424-89CB-118F474A83D3}.Release|Any CPU.ActiveCfg = Release|Any CPU
		{CFB07143-26B8-4424-89CB-118F474A83D3}.Release|Any CPU.Build.0 = Release|Any CPU
		{F1323FD4-06A4-4C25-AACF-E0EF910DB3BD}.Debug|Any CPU.ActiveCfg = Debug|Any CPU
		{F1323FD4-06A4-4C25-AACF-E0EF910DB3BD}.Debug|Any CPU.Build.0 = Debug|Any CPU
		{F1323FD4-06A4-4C25-AACF-E0EF910DB3BD}.Release|Any CPU.ActiveCfg = Release|Any CPU
		{F1323FD4-06A4-4C25-AACF-E0EF910DB3BD}.Release|Any CPU.Build.0 = Release|Any CPU
		{BD958825-FE0D-4C04-9055-F99DB17F19DE}.Debug|Any CPU.ActiveCfg = Debug|Any CPU
		{BD958825-FE0D-4C04-9055-F99DB17F19DE}.Debug|Any CPU.Build.0 = Debug|Any CPU
		{BD958825-FE0D-4C04-9055-F99DB17F19DE}.Release|Any CPU.ActiveCfg = Release|Any CPU
		{BD958825-FE0D-4C04-9055-F99DB17F19DE}.Release|Any CPU.Build.0 = Release|Any CPU
		{6BFF506B-64A7-4881-8E2C-9AA76551A752}.Debug|Any CPU.ActiveCfg = Debug|Any CPU
		{6BFF506B-64A7-4881-8E2C-9AA76551A752}.Debug|Any CPU.Build.0 = Debug|Any CPU
		{6BFF506B-64A7-4881-8E2C-9AA76551A752}.Release|Any CPU.ActiveCfg = Release|Any CPU
		{6BFF506B-64A7-4881-8E2C-9AA76551A752}.Release|Any CPU.Build.0 = Release|Any CPU
	EndGlobalSection
	GlobalSection(SolutionProperties) = preSolution
		HideSolutionNode = FALSE
	EndGlobalSection
	GlobalSection(ExtensibilityGlobals) = postSolution
		SolutionGuid = {19F3B2B5-EA7F-42FF-9292-BA38A068FFE0}
	EndGlobalSection
EndGlobal
